# This file is automatically @generated by Cargo.
# It is not intended for manual editing.
version = 3

[[package]]
name = "downstream"
version = "0.1.0"
dependencies = [
 "wire-core",
]

[[package]]
name = "schema-data"
version = "0.1.0"

[[package]]
name = "wire-core"
version = "1.2.1"
dependencies = [
 "schema-data",
]
